{
  "name": "my_custom_calculator",
  "version": "1.0.1",
  "lockfileVersion": 3,
  "requires": true,
  "packages": {
    "": {
      "name": "my_custom_calculator",
      "version": "1.0.1",
      "license": "ISC",
      "dependencies": {
        "my_custom_calculator": "^1.0.1"
      }
    },
    "node_modules/my_custom_calculator": {
      "version": "1.0.1",
      "resolved": "https://registry.npmjs.org/my_custom_calculator/-/my_custom_calculator-1.0.1.tgz",
      "integrity": "sha512-p8TGoKeUXC35ELhjXknqHc9X6CuugFk6ZEN1gG4WgxTpUO42Fx9WOmKnKzm8EWPHLFLhajoEubZ8wpatbljzNg==",
      "license": "ISC"
    }
  }
}
